
Microsoft Visual Studio Solution File, Format Version 12.00
# Visual Studio Version 16
VisualStudioVersion = 16.0.30011.22
MinimumVisualStudioVersion = 10.0.40219.1
Project("{9A19103F-16F7-4668-BE54-9A1E7A4F7556}") = "eCourse.WebAPI", "eCourse.WebAPI\eCourse.WebAPI.csproj", "{DA840645-7C0A-4858-BF05-C1BCC3D4C486}"
EndProject
Project("{9A19103F-16F7-4668-BE54-9A1E7A4F7556}") = "eCourse.Database", "eCourse.Model\eCourse.Database.csproj", "{FFE265F1-EDDE-4AD8-8AEF-AABBD076621B}"
EndProject
Project("{9A19103F-16F7-4668-BE54-9A1E7A4F7556}") = "eCourse.Services", "eCourse.Services\eCourse.Services.csproj", "{15543D8D-DDD4-4799-A644-8B90AF00A618}"
EndProject
Project("{9A19103F-16F7-4668-BE54-9A1E7A4F7556}") = "eCourse.Models", "eCourse.Models\eCourse.Models.csproj", "{C7AC13B5-FB4C-4DFB-80D0-F1D93B34BAC0}"
EndProject
Project("{2150E333-8FDC-42A3-9474-1A3956D46DE8}") = "UI", "UI", "{1A052302-BF6C-43F6-B319-BB4E7B153D3A}"
EndProject
Project("{FAE04EC0-301F-11D3-BF4B-00C04F79EFBC}") = "eCourse.WinUI", "eCourse.WinUI\eCourse.WinUI.csproj", "{66C56053-4F8A-4AF9-938A-09E5B34C2D24}"
EndProject
Project("{2150E333-8FDC-42A3-9474-1A3956D46DE8}") = "MobileUI", "MobileUI", "{1FDC21AC-077E-457A-8954-C92B6465C826}"
EndProject
Project("{FAE04EC0-301F-11D3-BF4B-00C04F79EFBC}") = "eCourse.Mobile.UWP", "eCourse.Mobile\eCourse.Mobile.UWP\eCourse.Mobile.UWP.csproj", "{DC749E00-B6B3-463C-A993-9E748F8F10F0}"
EndProject
Project("{FAE04EC0-301F-11D3-BF4B-00C04F79EFBC}") = "eCourse.Mobile.Android", "eCourse.Mobile\eCourse.Mobile.Android\eCourse.Mobile.Android.csproj", "{0E6A1B65-BC18-4493-A2BE-44B15F8093DB}"
EndProject
Project("{FAE04EC0-301F-11D3-BF4B-00C04F79EFBC}") = "eCourse.Mobile.iOS", "eCourse.Mobile\eCourse.Mobile.iOS\eCourse.Mobile.iOS.csproj", "{E06E07F8-DCF8-4B7F-B65A-10ACE3B0E2CA}"
EndProject
Project("{9A19103F-16F7-4668-BE54-9A1E7A4F7556}") = "eCourse.Mobile", "eCourse.Mobile\eCourse.Mobile\eCourse.Mobile.csproj", "{631FD81E-7201-4CF8-89B4-250B020BE99F}"
EndProject
Global
	GlobalSection(SolutionConfigurationPlatforms) = preSolution
		Debug|Any CPU = Debug|Any CPU
		Debug|ARM = Debug|ARM
		Debug|iPhone = Debug|iPhone
		Debug|iPhoneSimulator = Debug|iPhoneSimulator
		Debug|x64 = Debug|x64
		Debug|x86 = Debug|x86
		Release|Any CPU = Release|Any CPU
		Release|ARM = Release|ARM
		Release|iPhone = Release|iPhone
		Release|iPhoneSimulator = Release|iPhoneSimulator
		Release|x64 = Release|x64
		Release|x86 = Release|x86
	EndGlobalSection
	GlobalSection(ProjectConfigurationPlatforms) = postSolution
		{DA840645-7C0A-4858-BF05-C1BCC3D4C486}.Debug|Any CPU.ActiveCfg = Debug|Any CPU
		{DA840645-7C0A-4858-BF05-C1BCC3D4C486}.Debug|Any CPU.Build.0 = Debug|Any CPU
		{DA840645-7C0A-4858-BF05-C1BCC3D4C486}.Debug|ARM.ActiveCfg = Debug|Any CPU
		{DA840645-7C0A-4858-BF05-C1BCC3D4C486}.Debug|ARM.Build.0 = Debug|Any CPU
		{DA840645-7C0A-4858-BF05-C1BCC3D4C486}.Debug|iPhone.ActiveCfg = Debug|Any CPU
		{DA840645-7C0A-4858-BF05-C1BCC3D4C486}.Debug|iPhone.Build.0 = Debug|Any CPU
		{DA840645-7C0A-4858-BF05-C1BCC3D4C486}.Debug|iPhoneSimulator.ActiveCfg = Debug|Any CPU
		{DA840645-7C0A-4858-BF05-C1BCC3D4C486}.Debug|iPhoneSimulator.Build.0 = Debug|Any CPU
		{DA840645-7C0A-4858-BF05-C1BCC3D4C486}.Debug|x64.ActiveCfg = Debug|Any CPU
		{DA840645-7C0A-4858-BF05-C1BCC3D4C486}.Debug|x64.Build.0 = Debug|Any CPU
		{DA840645-7C0A-4858-BF05-C1BCC3D4C486}.Debug|x86.ActiveCfg = Debug|Any CPU
		{DA840645-7C0A-4858-BF05-C1BCC3D4C486}.Debug|x86.Build.0 = Debug|Any CPU
		{DA840645-7C0A-4858-BF05-C1BCC3D4C486}.Release|Any CPU.ActiveCfg = Release|Any CPU
		{DA840645-7C0A-4858-BF05-C1BCC3D4C486}.Release|Any CPU.Build.0 = Release|Any CPU
		{DA840645-7C0A-4858-BF05-C1BCC3D4C486}.Release|ARM.ActiveCfg = Release|Any CPU
		{DA840645-7C0A-4858-BF05-C1BCC3D4C486}.Release|ARM.Build.0 = Release|Any CPU
		{DA840645-7C0A-4858-BF05-C1BCC3D4C486}.Release|iPhone.ActiveCfg = Release|Any CPU
		{DA840645-7C0A-4858-BF05-C1BCC3D4C486}.Release|iPhone.Build.0 = Release|Any CPU
		{DA840645-7C0A-4858-BF05-C1BCC3D4C486}.Release|iPhoneSimulator.ActiveCfg = Release|Any CPU
		{DA840645-7C0A-4858-BF05-C1BCC3D4C486}.Release|iPhoneSimulator.Build.0 = Release|Any CPU
		{DA840645-7C0A-4858-BF05-C1BCC3D4C486}.Release|x64.ActiveCfg = Release|Any CPU
		{DA840645-7C0A-4858-BF05-C1BCC3D4C486}.Release|x64.Build.0 = Release|Any CPU
		{DA840645-7C0A-4858-BF05-C1BCC3D4C486}.Release|x86.ActiveCfg = Release|Any CPU
		{DA840645-7C0A-4858-BF05-C1BCC3D4C486}.Release|x86.Build.0 = Release|Any CPU
		{FFE265F1-EDDE-4AD8-8AEF-AABBD076621B}.Debug|Any CPU.ActiveCfg = Debug|Any CPU
		{FFE265F1-EDDE-4AD8-8AEF-AABBD076621B}.Debug|Any CPU.Build.0 = Debug|Any CPU
		{FFE265F1-EDDE-4AD8-8AEF-AABBD076621B}.Debug|ARM.ActiveCfg = Debug|Any CPU
		{FFE265F1-EDDE-4AD8-8AEF-AABBD076621B}.Debug|ARM.Build.0 = Debug|Any CPU
		{FFE265F1-EDDE-4AD8-8AEF-AABBD076621B}.Debug|iPhone.ActiveCfg = Debug|Any CPU
		{FFE265F1-EDDE-4AD8-8AEF-AABBD076621B}.Debug|iPhone.Build.0 = Debug|Any CPU
		{FFE265F1-EDDE-4AD8-8AEF-AABBD076621B}.Debug|iPhoneSimulator.ActiveCfg = Debug|Any CPU
		{FFE265F1-EDDE-4AD8-8AEF-AABBD076621B}.Debug|iPhoneSimulator.Build.0 = Debug|Any CPU
		{FFE265F1-EDDE-4AD8-8AEF-AABBD076621B}.Debug|x64.ActiveCfg = Debug|Any CPU
		{FFE265F1-EDDE-4AD8-8AEF-AABBD076621B}.Debug|x64.Build.0 = Debug|Any CPU
		{FFE265F1-EDDE-4AD8-8AEF-AABBD076621B}.Debug|x86.ActiveCfg = Debug|Any CPU
		{FFE265F1-EDDE-4AD8-8AEF-AABBD076621B}.Debug|x86.Build.0 = Debug|Any CPU
		{FFE265F1-EDDE-4AD8-8AEF-AABBD076621B}.Release|Any CPU.ActiveCfg = Release|Any CPU
		{FFE265F1-EDDE-4AD8-8AEF-AABBD076621B}.Release|Any CPU.Build.0 = Release|Any CPU
		{FFE265F1-EDDE-4AD8-8AEF-AABBD076621B}.Release|ARM.ActiveCfg = Release|Any CPU
		{FFE265F1-EDDE-4AD8-8AEF-AABBD076621B}.Release|ARM.Build.0 = Release|Any CPU
		{FFE265F1-EDDE-4AD8-8AEF-AABBD076621B}.Release|iPhone.ActiveCfg = Release|Any CPU
		{FFE265F1-EDDE-4AD8-8AEF-AABBD076621B}.Release|iPhone.Build.0 = Release|Any CPU
		{FFE265F1-EDDE-4AD8-8AEF-AABBD076621B}.Release|iPhoneSimulator.ActiveCfg = Release|Any CPU
		{FFE265F1-EDDE-4AD8-8AEF-AABBD076621B}.Release|iPhoneSimulator.Build.0 = Release|Any CPU
		{FFE265F1-EDDE-4AD8-8AEF-AABBD076621B}.Release|x64.ActiveCfg = Release|Any CPU
		{FFE265F1-EDDE-4AD8-8AEF-AABBD076621B}.Release|x64.Build.0 = Release|Any CPU
		{FFE265F1-EDDE-4AD8-8AEF-AABBD076621B}.Release|x86.ActiveCfg = Release|Any CPU
		{FFE265F1-EDDE-4AD8-8AEF-AABBD076621B}.Release|x86.Build.0 = Release|Any CPU
		{15543D8D-DDD4-4799-A644-8B90AF00A618}.Debug|Any CPU.ActiveCfg = Debug|Any CPU
		{15543D8D-DDD4-4799-A644-8B90AF00A618}.Debug|Any CPU.Build.0 = Debug|Any CPU
		{15543D8D-DDD4-4799-A644-8B90AF00A618}.Debug|ARM.ActiveCfg = Debug|Any CPU
		{15543D8D-DDD4-4799-A644-8B90AF00A618}.Debug|ARM.Build.0 = Debug|Any CPU
		{15543D8D-DDD4-4799-A644-8B90AF00A618}.Debug|iPhone.ActiveCfg = Debug|Any CPU
		{15543D8D-DDD4-4799-A644-8B90AF00A618}.Debug|iPhone.Build.0 = Debug|Any CPU
		{15543D8D-DDD4-4799-A644-8B90AF00A618}.Debug|iPhoneSimulator.ActiveCfg = Debug|Any CPU
		{15543D8D-DDD4-4799-A644-8B90AF00A618}.Debug|iPhoneSimulator.Build.0 = Debug|Any CPU
		{15543D8D-DDD4-4799-A644-8B90AF00A618}.Debug|x64.ActiveCfg = Debug|Any CPU
		{15543D8D-DDD4-4799-A644-8B90AF00A618}.Debug|x64.Build.0 = Debug|Any CPU
		{15543D8D-DDD4-4799-A644-8B90AF00A618}.Debug|x86.ActiveCfg = Debug|Any CPU
		{15543D8D-DDD4-4799-A644-8B90AF00A618}.Debug|x86.Build.0 = Debug|Any CPU
		{15543D8D-DDD4-4799-A644-8B90AF00A618}.Release|Any CPU.ActiveCfg = Release|Any CPU
		{15543D8D-DDD4-4799-A644-8B90AF00A618}.Release|Any CPU.Build.0 = Release|Any CPU
		{15543D8D-DDD4-4799-A644-8B90AF00A618}.Release|ARM.ActiveCfg = Release|Any CPU
		{15543D8D-DDD4-4799-A644-8B90AF00A618}.Release|ARM.Build.0 = Release|Any CPU
		{15543D8D-DDD4-4799-A644-8B90AF00A618}.Release|iPhone.ActiveCfg = Release|Any CPU
		{15543D8D-DDD4-4799-A644-8B90AF00A618}.Release|iPhone.Build.0 = Release|Any CPU
		{15543D8D-DDD4-4799-A644-8B90AF00A618}.Release|iPhoneSimulator.ActiveCfg = Release|Any CPU
		{15543D8D-DDD4-4799-A644-8B90AF00A618}.Release|iPhoneSimulator.Build.0 = Release|Any CPU
		{15543D8D-DDD4-4799-A644-8B90AF00A618}.Release|x64.ActiveCfg = Release|Any CPU
		{15543D8D-DDD4-4799-A644-8B90AF00A618}.Release|x64.Build.0 = Release|Any CPU
		{15543D8D-DDD4-4799-A644-8B90AF00A618}.Release|x86.ActiveCfg = Release|Any CPU
		{15543D8D-DDD4-4799-A644-8B90AF00A618}.Release|x86.Build.0 = Release|Any CPU
		{C7AC13B5-FB4C-4DFB-80D0-F1D93B34BAC0}.Debug|Any CPU.ActiveCfg = Debug|Any CPU
		{C7AC13B5-FB4C-4DFB-80D0-F1D93B34BAC0}.Debug|Any CPU.Build.0 = Debug|Any CPU
		{C7AC13B5-FB4C-4DFB-80D0-F1D93B34BAC0}.Debug|ARM.ActiveCfg = Debug|Any CPU
		{C7AC13B5-FB4C-4DFB-80D0-F1D93B34BAC0}.Debug|ARM.Build.0 = Debug|Any CPU
		{C7AC13B5-FB4C-4DFB-80D0-F1D93B34BAC0}.Debug|iPhone.ActiveCfg = Debug|Any CPU
		{C7AC13B5-FB4C-4DFB-80D0-F1D93B34BAC0}.Debug|iPhone.Build.0 = Debug|Any CPU
		{C7AC13B5-FB4C-4DFB-80D0-F1D93B34BAC0}.Debug|iPhoneSimulator.ActiveCfg = Debug|Any CPU
		{C7AC13B5-FB4C-4DFB-80D0-F1D93B34BAC0}.Debug|iPhoneSimulator.Build.0 = Debug|Any CPU
		{C7AC13B5-FB4C-4DFB-80D0-F1D93B34BAC0}.Debug|x64.ActiveCfg = Debug|Any CPU
		{C7AC13B5-FB4C-4DFB-80D0-F1D93B34BAC0}.Debug|x64.Build.0 = Debug|Any CPU
		{C7AC13B5-FB4C-4DFB-80D0-F1D93B34BAC0}.Debug|x86.ActiveCfg = Debug|Any CPU
		{C7AC13B5-FB4C-4DFB-80D0-F1D93B34BAC0}.Debug|x86.Build.0 = Debug|Any CPU
		{C7AC13B5-FB4C-4DFB-80D0-F1D93B34BAC0}.Release|Any CPU.ActiveCfg = Release|Any CPU
		{C7AC13B5-FB4C-4DFB-80D0-F1D93B34BAC0}.Release|Any CPU.Build.0 = Release|Any CPU
		{C7AC13B5-FB4C-4DFB-80D0-F1D93B34BAC0}.Release|ARM.ActiveCfg = Release|Any CPU
		{C7AC13B5-FB4C-4DFB-80D0-F1D93B34BAC0}.Release|ARM.Build.0 = Release|Any CPU
		{C7AC13B5-FB4C-4DFB-80D0-F1D93B34BAC0}.Release|iPhone.ActiveCfg = Release|Any CPU
		{C7AC13B5-FB4C-4DFB-80D0-F1D93B34BAC0}.Release|iPhone.Build.0 = Release|Any CPU
		{C7AC13B5-FB4C-4DFB-80D0-F1D93B34BAC0}.Release|iPhoneSimulator.ActiveCfg = Release|Any CPU
		{C7AC13B5-FB4C-4DFB-80D0-F1D93B34BAC0}.Release|iPhoneSimulator.Build.0 = Release|Any CPU
		{C7AC13B5-FB4C-4DFB-80D0-F1D93B34BAC0}.Release|x64.ActiveCfg = Release|Any CPU
		{C7AC13B5-FB4C-4DFB-80D0-F1D93B34BAC0}.Release|x64.Build.0 = Release|Any CPU
		{C7AC13B5-FB4C-4DFB-80D0-F1D93B34BAC0}.Release|x86.ActiveCfg = Release|Any CPU
		{C7AC13B5-FB4C-4DFB-80D0-F1D93B34BAC0}.Release|x86.Build.0 = Release|Any CPU
		{66C56053-4F8A-4AF9-938A-09E5B34C2D24}.Debug|Any CPU.ActiveCfg = Debug|Any CPU
		{66C56053-4F8A-4AF9-938A-09E5B34C2D24}.Debug|Any CPU.Build.0 = Debug|Any CPU
		{66C56053-4F8A-4AF9-938A-09E5B34C2D24}.Debug|ARM.ActiveCfg = Debug|Any CPU
		{66C56053-4F8A-4AF9-938A-09E5B34C2D24}.Debug|ARM.Build.0 = Debug|Any CPU
		{66C56053-4F8A-4AF9-938A-09E5B34C2D24}.Debug|iPhone.ActiveCfg = Debug|Any CPU
		{66C56053-4F8A-4AF9-938A-09E5B34C2D24}.Debug|iPhone.Build.0 = Debug|Any CPU
		{66C56053-4F8A-4AF9-938A-09E5B34C2D24}.Debug|iPhoneSimulator.ActiveCfg = Debug|Any CPU
		{66C56053-4F8A-4AF9-938A-09E5B34C2D24}.Debug|iPhoneSimulator.Build.0 = Debug|Any CPU
		{66C56053-4F8A-4AF9-938A-09E5B34C2D24}.Debug|x64.ActiveCfg = Debug|Any CPU
		{66C56053-4F8A-4AF9-938A-09E5B34C2D24}.Debug|x64.Build.0 = Debug|Any CPU
		{66C56053-4F8A-4AF9-938A-09E5B34C2D24}.Debug|x86.ActiveCfg = Debug|Any CPU
		{66C56053-4F8A-4AF9-938A-09E5B34C2D24}.Debug|x86.Build.0 = Debug|Any CPU
		{66C56053-4F8A-4AF9-938A-09E5B34C2D24}.Release|Any CPU.ActiveCfg = Release|Any CPU
		{66C56053-4F8A-4AF9-938A-09E5B34C2D24}.Release|Any CPU.Build.0 = Release|Any CPU
		{66C56053-4F8A-4AF9-938A-09E5B34C2D24}.Release|ARM.ActiveCfg = Release|Any CPU
		{66C56053-4F8A-4AF9-938A-09E5B34C2D24}.Release|ARM.Build.0 = Release|Any CPU
		{66C56053-4F8A-4AF9-938A-09E5B34C2D24}.Release|iPhone.ActiveCfg = Release|Any CPU
		{66C56053-4F8A-4AF9-938A-09E5B34C2D24}.Release|iPhone.Build.0 = Release|Any CPU
		{66C56053-4F8A-4AF9-938A-09E5B34C2D24}.Release|iPhoneSimulator.ActiveCfg = Release|Any CPU
		{66C56053-4F8A-4AF9-938A-09E5B34C2D24}.Release|iPhoneSimulator.Build.0 = Release|Any CPU
		{66C56053-4F8A-4AF9-938A-09E5B34C2D24}.Release|x64.ActiveCfg = Release|Any CPU
		{66C56053-4F8A-4AF9-938A-09E5B34C2D24}.Release|x64.Build.0 = Release|Any CPU
		{66C56053-4F8A-4AF9-938A-09E5B34C2D24}.Release|x86.ActiveCfg = Release|Any CPU
		{66C56053-4F8A-4AF9-938A-09E5B34C2D24}.Release|x86.Build.0 = Release|Any CPU
		{DC749E00-B6B3-463C-A993-9E748F8F10F0}.Debug|Any CPU.ActiveCfg = Debug|x86
		{DC749E00-B6B3-463C-A993-9E748F8F10F0}.Debug|ARM.ActiveCfg = Debug|ARM
		{DC749E00-B6B3-463C-A993-9E748F8F10F0}.Debug|ARM.Build.0 = Debug|ARM
		{DC749E00-B6B3-463C-A993-9E748F8F10F0}.Debug|ARM.Deploy.0 = Debug|ARM
		{DC749E00-B6B3-463C-A993-9E748F8F10F0}.Debug|iPhone.ActiveCfg = Debug|x86
		{DC749E00-B6B3-463C-A993-9E748F8F10F0}.Debug|iPhoneSimulator.ActiveCfg = Debug|x86
		{DC749E00-B6B3-463C-A993-9E748F8F10F0}.Debug|x64.ActiveCfg = Debug|x64
		{DC749E00-B6B3-463C-A993-9E748F8F10F0}.Debug|x64.Build.0 = Debug|x64
		{DC749E00-B6B3-463C-A993-9E748F8F10F0}.Debug|x64.Deploy.0 = Debug|x64
		{DC749E00-B6B3-463C-A993-9E748F8F10F0}.Debug|x86.ActiveCfg = Debug|x86
		{DC749E00-B6B3-463C-A993-9E748F8F10F0}.Debug|x86.Build.0 = Debug|x86
		{DC749E00-B6B3-463C-A993-9E748F8F10F0}.Debug|x86.Deploy.0 = Debug|x86
		{DC749E00-B6B3-463C-A993-9E748F8F10F0}.Release|Any CPU.ActiveCfg = Release|x86
		{DC749E00-B6B3-463C-A993-9E748F8F10F0}.Release|ARM.ActiveCfg = Release|ARM
		{DC749E00-B6B3-463C-A993-9E748F8F10F0}.Release|ARM.Build.0 = Release|ARM
		{DC749E00-B6B3-463C-A993-9E748F8F10F0}.Release|ARM.Deploy.0 = Release|ARM
		{DC749E00-B6B3-463C-A993-9E748F8F10F0}.Release|iPhone.ActiveCfg = Release|x86
		{DC749E00-B6B3-463C-A993-9E748F8F10F0}.Release|iPhoneSimulator.ActiveCfg = Release|x86
		{DC749E00-B6B3-463C-A993-9E748F8F10F0}.Release|x64.ActiveCfg = Release|x64
		{DC749E00-B6B3-463C-A993-9E748F8F10F0}.Release|x64.Build.0 = Release|x64
		{DC749E00-B6B3-463C-A993-9E748F8F10F0}.Release|x64.Deploy.0 = Release|x64
		{DC749E00-B6B3-463C-A993-9E748F8F10F0}.Release|x86.ActiveCfg = Release|x86
		{DC749E00-B6B3-463C-A993-9E748F8F10F0}.Release|x86.Build.0 = Release|x86
		{DC749E00-B6B3-463C-A993-9E748F8F10F0}.Release|x86.Deploy.0 = Release|x86
		{0E6A1B65-BC18-4493-A2BE-44B15F8093DB}.Debug|Any CPU.ActiveCfg = Debug|Any CPU
		{0E6A1B65-BC18-4493-A2BE-44B15F8093DB}.Debug|Any CPU.Build.0 = Debug|Any CPU
		{0E6A1B65-BC18-4493-A2BE-44B15F8093DB}.Debug|Any CPU.Deploy.0 = Debug|Any CPU
		{0E6A1B65-BC18-4493-A2BE-44B15F8093DB}.Debug|ARM.ActiveCfg = Debug|Any CPU
		{0E6A1B65-BC18-4493-A2BE-44B15F8093DB}.Debug|ARM.Build.0 = Debug|Any CPU
		{0E6A1B65-BC18-4493-A2BE-44B15F8093DB}.Debug|ARM.Deploy.0 = Debug|Any CPU
		{0E6A1B65-BC18-4493-A2BE-44B15F8093DB}.Debug|iPhone.ActiveCfg = Debug|Any CPU
		{0E6A1B65-BC18-4493-A2BE-44B15F8093DB}.Debug|iPhone.Build.0 = Debug|Any CPU
		{0E6A1B65-BC18-4493-A2BE-44B15F8093DB}.Debug|iPhone.Deploy.0 = Debug|Any CPU
		{0E6A1B65-BC18-4493-A2BE-44B15F8093DB}.Debug|iPhoneSimulator.ActiveCfg = Debug|Any CPU
		{0E6A1B65-BC18-4493-A2BE-44B15F8093DB}.Debug|iPhoneSimulator.Build.0 = Debug|Any CPU
		{0E6A1B65-BC18-4493-A2BE-44B15F8093DB}.Debug|iPhoneSimulator.Deploy.0 = Debug|Any CPU
		{0E6A1B65-BC18-4493-A2BE-44B15F8093DB}.Debug|x64.ActiveCfg = Debug|Any CPU
		{0E6A1B65-BC18-4493-A2BE-44B15F8093DB}.Debug|x64.Build.0 = Debug|Any CPU
		{0E6A1B65-BC18-4493-A2BE-44B15F8093DB}.Debug|x64.Deploy.0 = Debug|Any CPU
		{0E6A1B65-BC18-4493-A2BE-44B15F8093DB}.Debug|x86.ActiveCfg = Debug|Any CPU
		{0E6A1B65-BC18-4493-A2BE-44B15F8093DB}.Debug|x86.Build.0 = Debug|Any CPU
		{0E6A1B65-BC18-4493-A2BE-44B15F8093DB}.Debug|x86.Deploy.0 = Debug|Any CPU
		{0E6A1B65-BC18-4493-A2BE-44B15F8093DB}.Release|Any CPU.ActiveCfg = Release|Any CPU
		{0E6A1B65-BC18-4493-A2BE-44B15F8093DB}.Release|Any CPU.Build.0 = Release|Any CPU
		{0E6A1B65-BC18-4493-A2BE-44B15F8093DB}.Release|Any CPU.Deploy.0 = Release|Any CPU
		{0E6A1B65-BC18-4493-A2BE-44B15F8093DB}.Release|ARM.ActiveCfg = Release|Any CPU
		{0E6A1B65-BC18-4493-A2BE-44B15F8093DB}.Release|ARM.Build.0 = Release|Any CPU
		{0E6A1B65-BC18-4493-A2BE-44B15F8093DB}.Release|ARM.Deploy.0 = Release|Any CPU
		{0E6A1B65-BC18-4493-A2BE-44B15F8093DB}.Release|iPhone.ActiveCfg = Release|Any CPU
		{0E6A1B65-BC18-4493-A2BE-44B15F8093DB}.Release|iPhone.Build.0 = Release|Any CPU
		{0E6A1B65-BC18-4493-A2BE-44B15F8093DB}.Release|iPhone.Deploy.0 = Release|Any CPU
		{0E6A1B65-BC18-4493-A2BE-44B15F8093DB}.Release|iPhoneSimulator.ActiveCfg = Release|Any CPU
		{0E6A1B65-BC18-4493-A2BE-44B15F8093DB}.Release|iPhoneSimulator.Build.0 = Release|Any CPU
		{0E6A1B65-BC18-4493-A2BE-44B15F8093DB}.Release|iPhoneSimulator.Deploy.0 = Release|Any CPU
		{0E6A1B65-BC18-4493-A2BE-44B15F8093DB}.Release|x64.ActiveCfg = Release|Any CPU
		{0E6A1B65-BC18-4493-A2BE-44B15F8093DB}.Release|x64.Build.0 = Release|Any CPU
		{0E6A1B65-BC18-4493-A2BE-44B15F8093DB}.Release|x64.Deploy.0 = Release|Any CPU
		{0E6A1B65-BC18-4493-A2BE-44B15F8093DB}.Release|x86.ActiveCfg = Release|Any CPU
		{0E6A1B65-BC18-4493-A2BE-44B15F8093DB}.Release|x86.Build.0 = Release|Any CPU
		{0E6A1B65-BC18-4493-A2BE-44B15F8093DB}.Release|x86.Deploy.0 = Release|Any CPU
		{E06E07F8-DCF8-4B7F-B65A-10ACE3B0E2CA}.Debug|Any CPU.ActiveCfg = Debug|iPhone
		{E06E07F8-DCF8-4B7F-B65A-10ACE3B0E2CA}.Debug|ARM.ActiveCfg = Debug|iPhone
		{E06E07F8-DCF8-4B7F-B65A-10ACE3B0E2CA}.Debug|iPhone.ActiveCfg = Debug|iPhone
		{E06E07F8-DCF8-4B7F-B65A-10ACE3B0E2CA}.Debug|iPhone.Build.0 = Debug|iPhone
		{E06E07F8-DCF8-4B7F-B65A-10ACE3B0E2CA}.Debug|iPhoneSimulator.ActiveCfg = Debug|iPhoneSimulator
		{E06E07F8-DCF8-4B7F-B65A-10ACE3B0E2CA}.Debug|iPhoneSimulator.Build.0 = Debug|iPhoneSimulator
		{E06E07F8-DCF8-4B7F-B65A-10ACE3B0E2CA}.Debug|x64.ActiveCfg = Debug|iPhone
		{E06E07F8-DCF8-4B7F-B65A-10ACE3B0E2CA}.Debug|x86.ActiveCfg = Debug|iPhone
		{E06E07F8-DCF8-4B7F-B65A-10ACE3B0E2CA}.Release|Any CPU.ActiveCfg = Release|iPhone
		{E06E07F8-DCF8-4B7F-B65A-10ACE3B0E2CA}.Release|ARM.ActiveCfg = Release|iPhone
		{E06E07F8-DCF8-4B7F-B65A-10ACE3B0E2CA}.Release|iPhone.ActiveCfg = Release|iPhone
		{E06E07F8-DCF8-4B7F-B65A-10ACE3B0E2CA}.Release|iPhone.Build.0 = Release|iPhone
		{E06E07F8-DCF8-4B7F-B65A-10ACE3B0E2CA}.Release|iPhoneSimulator.ActiveCfg = Release|iPhoneSimulator
		{E06E07F8-DCF8-4B7F-B65A-10ACE3B0E2CA}.Release|iPhoneSimulator.Build.0 = Release|iPhoneSimulator
		{E06E07F8-DCF8-4B7F-B65A-10ACE3B0E2CA}.Release|x64.ActiveCfg = Release|iPhone
		{E06E07F8-DCF8-4B7F-B65A-10ACE3B0E2CA}.Release|x86.ActiveCfg = Release|iPhone
		{631FD81E-7201-4CF8-89B4-250B020BE99F}.Debug|Any CPU.ActiveCfg = Debug|Any CPU
		{631FD81E-7201-4CF8-89B4-250B020BE99F}.Debug|Any CPU.Build.0 = Debug|Any CPU
		{631FD81E-7201-4CF8-89B4-250B020BE99F}.Debug|ARM.ActiveCfg = Debug|Any CPU
		{631FD81E-7201-4CF8-89B4-250B020BE99F}.Debug|ARM.Build.0 = Debug|Any CPU
		{631FD81E-7201-4CF8-89B4-250B020BE99F}.Debug|iPhone.ActiveCfg = Debug|Any CPU
		{631FD81E-7201-4CF8-89B4-250B020BE99F}.Debug|iPhone.Build.0 = Debug|Any CPU
		{631FD81E-7201-4CF8-89B4-250B020BE99F}.Debug|iPhoneSimulator.ActiveCfg = Debug|Any CPU
		{631FD81E-7201-4CF8-89B4-250B020BE99F}.Debug|iPhoneSimulator.Build.0 = Debug|Any CPU
		{631FD81E-7201-4CF8-89B4-250B020BE99F}.Debug|x64.ActiveCfg = Debug|Any CPU
		{631FD81E-7201-4CF8-89B4-250B020BE99F}.Debug|x64.Build.0 = Debug|Any CPU
		{631FD81E-7201-4CF8-89B4-250B020BE99F}.Debug|x86.ActiveCfg = Debug|Any CPU
		{631FD81E-7201-4CF8-89B4-250B020BE99F}.Debug|x86.Build.0 = Debug|Any CPU
		{631FD81E-7201-4CF8-89B4-250B020BE99F}.Release|Any CPU.ActiveCfg = Release|Any CPU
		{631FD81E-7201-4CF8-89B4-250B020BE99F}.Release|Any CPU.Build.0 = Release|Any CPU
		{631FD81E-7201-4CF8-89B4-250B020BE99F}.Release|ARM.ActiveCfg = Release|Any CPU
		{631FD81E-7201-4CF8-89B4-250B020BE99F}.Release|ARM.Build.0 = Release|Any CPU
		{631FD81E-7201-4CF8-89B4-250B020BE99F}.Release|iPhone.ActiveCfg = Release|Any CPU
		{631FD81E-7201-4CF8-89B4-250B020BE99F}.Release|iPhone.Build.0 = Release|Any CPU
		{631FD81E-7201-4CF8-89B4-250B020BE99F}.Release|iPhoneSimulator.ActiveCfg = Release|Any CPU
		{631FD81E-7201-4CF8-89B4-250B020BE99F}.Release|iPhoneSimulator.Build.0 = Release|Any CPU
		{631FD81E-7201-4CF8-89B4-250B020BE99F}.Release|x64.ActiveCfg = Release|Any CPU
		{631FD81E-7201-4CF8-89B4-250B020BE99F}.Release|x64.Build.0 = Release|Any CPU
		{631FD81E-7201-4CF8-89B4-250B020BE99F}.Release|x86.ActiveCfg = Release|Any CPU
		{631FD81E-7201-4CF8-89B4-250B020BE99F}.Release|x86.Build.0 = Release|Any CPU
	EndGlobalSection
	GlobalSection(SolutionProperties) = preSolution
		HideSolutionNode = FALSE
	EndGlobalSection
	GlobalSection(NestedProjects) = preSolution
		{66C56053-4F8A-4AF9-938A-09E5B34C2D24} = {1A052302-BF6C-43F6-B319-BB4E7B153D3A}
		{1FDC21AC-077E-457A-8954-C92B6465C826} = {1A052302-BF6C-43F6-B319-BB4E7B153D3A}
		{DC749E00-B6B3-463C-A993-9E748F8F10F0} = {1FDC21AC-077E-457A-8954-C92B6465C826}
		{0E6A1B65-BC18-4493-A2BE-44B15F8093DB} = {1FDC21AC-077E-457A-8954-C92B6465C826}
		{E06E07F8-DCF8-4B7F-B65A-10ACE3B0E2CA} = {1FDC21AC-077E-457A-8954-C92B6465C826}
		{631FD81E-7201-4CF8-89B4-250B020BE99F} = {1FDC21AC-077E-457A-8954-C92B6465C826}
	EndGlobalSection
	GlobalSection(ExtensibilityGlobals) = postSolution
		SolutionGuid = {868185D9-054C-46F9-AFB8-D42CBCDC1D08}
	EndGlobalSection
EndGlobal
